
Microsoft Visual Studio Solution File, Format Version 12.00
# Visual Studio 14
VisualStudioVersion = 14.0.23107.0
MinimumVisualStudioVersion = 10.0.40219.1
Project("{8BC9CEB8-8B4A-11D0-8D11-00A0C91BC942}") = "RNG", "RNG.vcxproj", "{3327B478-881B-4724-AFEA-21F09106A98F}"
EndProject
Global
	GlobalSection(SolutionConfigurationPlatforms) = preSolution
		Debug|x86 = Debug|x86
		Release|x86 = Release|x86
	EndGlobalSection
	GlobalSection(ProjectConfigurationPlatforms) = postSolution
		{3327B478-881B-4724-AFEA-21F09106A98F}.Debug|x86.ActiveCfg = Debug|Win32
		{3327B478-881B-4724-AFEA-21F09106A98F}.Debug|x86.Build.0 = Debug|Win32
		{3327B478-881B-4724-AFEA-21F09106A98F}.Release|x86.ActiveCfg = Release|Win32
		{3327B478-881B-4724-AFEA-21F09106A98F}.Release|x86.Build.0 = Release|Win32
	EndGlobalSection
	GlobalSection(SolutionProperties) = preSolution
		HideSolutionNode = FALSE
	EndGlobalSection
EndGlobal
